
Microsoft Visual Studio Solution File, Format Version 12.00
# Visual Studio Version 17
VisualStudioVersion = 17.14.36603.0 d17.14
MinimumVisualStudioVersion = 10.0.40219.1
Project("{FAE04EC0-301F-11D3-BF4B-00C04F79EFBC}") = "SharedLibrary", "..\src\SharedLibrary\SharedLibrary.csproj", "{2E81E974-9C09-4AFB-C4BF-FBF2877F0264}"
EndProject
Project("{FAE04EC0-301F-11D3-BF4B-00C04F79EFBC}") = "ClientApp", "..\src\ClientApp\ClientApp.csproj", "{56575C7C-7076-B8C9-116F-358DD6E523D6}"
EndProject
Project("{FAE04EC0-301F-11D3-BF4B-00C04F79EFBC}") = "ServerApp", "..\src\ServerApp\ServerApp.csproj", "{A3027766-980E-8192-0710-D0A4E6C89467}"
EndProject
Global
	GlobalSection(SolutionConfigurationPlatforms) = preSolution
		Debug|Any CPU = Debug|Any CPU
		Release|Any CPU = Release|Any CPU
	EndGlobalSection
	GlobalSection(ProjectConfigurationPlatforms) = postSolution
		{2E81E974-9C09-4AFB-C4BF-FBF2877F0264}.Debug|Any CPU.ActiveCfg = Debug|Any CPU
		{2E81E974-9C09-4AFB-C4BF-FBF2877F0264}.Debug|Any CPU.Build.0 = Debug|Any CPU
		{2E81E974-9C09-4AFB-C4BF-FBF2877F0264}.Release|Any CPU.ActiveCfg = Release|Any CPU
		{2E81E974-9C09-4AFB-C4BF-FBF2877F0264}.Release|Any CPU.Build.0 = Release|Any CPU
		{56575C7C-7076-B8C9-116F-358DD6E523D6}.Debug|Any CPU.ActiveCfg = Debug|Any CPU
		{56575C7C-7076-B8C9-116F-358DD6E523D6}.Debug|Any CPU.Build.0 = Debug|Any CPU
		{56575C7C-7076-B8C9-116F-358DD6E523D6}.Release|Any CPU.ActiveCfg = Release|Any CPU
		{56575C7C-7076-B8C9-116F-358DD6E523D6}.Release|Any CPU.Build.0 = Release|Any CPU
		{A3027766-980E-8192-0710-D0A4E6C89467}.Debug|Any CPU.ActiveCfg = Debug|Any CPU
		{A3027766-980E-8192-0710-D0A4E6C89467}.Debug|Any CPU.Build.0 = Debug|Any CPU
		{A3027766-980E-8192-0710-D0A4E6C89467}.Release|Any CPU.ActiveCfg = Release|Any CPU
		{A3027766-980E-8192-0710-D0A4E6C89467}.Release|Any CPU.Build.0 = Release|Any CPU
	EndGlobalSection
	GlobalSection(SolutionProperties) = preSolution
		HideSolutionNode = FALSE
	EndGlobalSection
	GlobalSection(ExtensibilityGlobals) = postSolution
		SolutionGuid = {CAA39F2C-F387-4FA6-8BDB-F19CF01AD7E3}
	EndGlobalSection
EndGlobal
